
Microsoft Visual Studio Solution File, Format Version 12.00
# Visual Studio Version 17
VisualStudioVersion = 17.8.34408.163
MinimumVisualStudioVersion = 10.0.40219.1
Project("{FAE04EC0-301F-11D3-BF4B-00C04F79EFBC}") = "Middleware", "Middleware\Middleware.csproj", "{924D2882-959C-4750-BBC9-A0FEE7A556AE}"
EndProject
Global
	GlobalSection(SolutionConfigurationPlatforms) = preSolution
		Debug|Any CPU = Debug|Any CPU
		Release|Any CPU = Release|Any CPU
	EndGlobalSection
	GlobalSection(ProjectConfigurationPlatforms) = postSolution
		{924D2882-959C-4750-BBC9-A0FEE7A556AE}.Debug|Any CPU.ActiveCfg = Debug|Any CPU
		{924D2882-959C-4750-BBC9-A0FEE7A556AE}.Debug|Any CPU.Build.0 = Debug|Any CPU
		{924D2882-959C-4750-BBC9-A0FEE7A556AE}.Release|Any CPU.ActiveCfg = Release|Any CPU
		{924D2882-959C-4750-BBC9-A0FEE7A556AE}.Release|Any CPU.Build.0 = Release|Any CPU
	EndGlobalSection
	GlobalSection(SolutionProperties) = preSolution
		HideSolutionNode = FALSE
	EndGlobalSection
	GlobalSection(ExtensibilityGlobals) = postSolution
		SolutionGuid = {E22A0A26-4408-421A-84D0-40506B567195}
	EndGlobalSection
EndGlobal
